
Microsoft Visual Studio Solution File, Format Version 12.00
# Visual Studio Version 16
VisualStudioVersion = 16.0.31911.196
MinimumVisualStudioVersion = 10.0.40219.1
Project("{FAE04EC0-301F-11D3-BF4B-00C04F79EFBC}") = "PETMeds", "PETMeds\PETMeds.csproj", "{0CE20F51-4796-459D-9F77-92DB6D78B020}"
EndProject
Global
	GlobalSection(SolutionConfigurationPlatforms) = preSolution
		Debug|Any CPU = Debug|Any CPU
		Release|Any CPU = Release|Any CPU
	EndGlobalSection
	GlobalSection(ProjectConfigurationPlatforms) = postSolution
		{0CE20F51-4796-459D-9F77-92DB6D78B020}.Debug|Any CPU.ActiveCfg = Debug|Any CPU
		{0CE20F51-4796-459D-9F77-92DB6D78B020}.Debug|Any CPU.Build.0 = Debug|Any CPU
		{0CE20F51-4796-459D-9F77-92DB6D78B020}.Release|Any CPU.ActiveCfg = Release|Any CPU
		{0CE20F51-4796-459D-9F77-92DB6D78B020}.Release|Any CPU.Build.0 = Release|Any CPU
	EndGlobalSection
	GlobalSection(SolutionProperties) = preSolution
		HideSolutionNode = FALSE
	EndGlobalSection
	GlobalSection(ExtensibilityGlobals) = postSolution
		SolutionGuid = {ABCF1DB5-D368-4C8C-9A73-679A5951847D}
	EndGlobalSection
EndGlobal
